PODS:
  - Alamofire (3.3.1)
  - CVCalendar (1.2.9)
  - JTCalendar (2.1.5)
  - Kanna (1.0.6)
  - SwiftDate (3.0.8)
  - YYCache (1.0.3)
  - YYImage (1.0.1):
    - YYImage/Core (= 1.0.1)
  - YYImage/Core (1.0.1)
  - YYText (1.0.5)
  - YYWebImage (1.0.3):
    - YYCache
    - YYImage

DEPENDENCIES:
  - Alamofire (~> 3.0)
  - CVCalendar (~> 1.2.9)
  - JTCalendar (~> 2.0)
  - Kanna (~> 1.0.6)
  - SwiftDate
  - YYText
  - YYWebImage

SPEC CHECKSUMS:
  Alamofire: 369bc67b6f5ac33ded3648d7bd21c5bfb91c2ecc
  CVCalendar: 0799256e0bc3b43e83b7e86c0729ce9ff0624cb6
  JTCalendar: 57a4420f12d10c93c3b28da96803e7043d1c9281
  Kanna: 9f30945bbd293a609f698ea164687ccc0990ff60
  SwiftDate: 971f8b9394f664f2226b9c3ab64e801a7291c612
  YYCache: 282f35b5b0990833d0b7a06d864a87141a021da2
  YYImage: b41b45bc5f32bfcdf67bdfb9c09da9e9832357c0
  YYText: ac09660c9ccd9b817f409a20caa6f5587444d2ae
  YYWebImage: 8da75a611fd0d2e0f58a273f9ca0bc731614cb0d

COCOAPODS: 0.39.0
