// !$*UTF8*$!
{
	archiveVersion = 1;
	classes = {
	};
	objectVersion = 46;
	objects = {

/* Begin PBXBuildFile section */
		6451F18A1F91B366004F8821 /* Alamofire.framework in Frameworks */ = {isa = PBXBuildFile; fileRef = 6451F1891F91B366004F8821 /* Alamofire.framework */; };
		6451F18B1F91B366004F8821 /* Alamofire.framework in Embed Frameworks */ = {isa = PBXBuildFile; fileRef = 6451F1891F91B366004F8821 /* Alamofire.framework */; settings = {ATTRIBUTES = (CodeSignOnCopy, RemoveHeadersOnCopy, ); }; };
		6451F18E1F91B386004F8821 /* Result.framework in Frameworks */ = {isa = PBXBuildFile; fileRef = 6451F18D1F91B386004F8821 /* Result.framework */; };
		6451F18F1F91B386004F8821 /* Result.framework in Embed Frameworks */ = {isa = PBXBuildFile; fileRef = 6451F18D1F91B386004F8821 /* Result.framework */; settings = {ATTRIBUTES = (CodeSignOnCopy, RemoveHeadersOnCopy, ); }; };
		645D639E1EE41E9D00044EA3 /* AppDelegate.swift in Sources */ = {isa = PBXBuildFile; fileRef = 645D639D1EE41E9D00044EA3 /* AppDelegate.swift */; };
		645D63A01EE41E9D00044EA3 /* ViewController.swift in Sources */ = {isa = PBXBuildFile; fileRef = 645D639F1EE41E9D00044EA3 /* ViewController.swift */; };
		645D63A31EE41E9D00044EA3 /* Main.storyboard in Resources */ = {isa = PBXBuildFile; fileRef = 645D63A11EE41E9D00044EA3 /* Main.storyboard */; };
		645D63A51EE41E9D00044EA3 /* Assets.xcassets in Resources */ = {isa = PBXBuildFile; fileRef = 645D63A41EE41E9D00044EA3 /* Assets.xcassets */; };
		645D63A81EE41E9D00044EA3 /* LaunchScreen.storyboard in Resources */ = {isa = PBXBuildFile; fileRef = 645D63A61EE41E9D00044EA3 /* LaunchScreen.storyboard */; };
		645D63B31EE41E9D00044EA3 /* BorderPoliceNewsTests.swift in Sources */ = {isa = PBXBuildFile; fileRef = 645D63B21EE41E9D00044EA3 /* BorderPoliceNewsTests.swift */; };
		645D63BE1EE41E9D00044EA3 /* BorderPoliceNewsUITests.swift in Sources */ = {isa = PBXBuildFile; fileRef = 645D63BD1EE41E9D00044EA3 /* BorderPoliceNewsUITests.swift */; };
		649D68F41F91AF2700818BDE /* JTAppleCalendar.framework in Frameworks */ = {isa = PBXBuildFile; fileRef = 64DB25AC1EE456130048DD96 /* JTAppleCalendar.framework */; };
		649D68F51F91AF2700818BDE /* Moya.framework in Frameworks */ = {isa = PBXBuildFile; fileRef = 64DB25A81EE456040048DD96 /* Moya.framework */; };
		649D68F81F91AF2800818BDE /* HidingNavigationBar.framework in Frameworks */ = {isa = PBXBuildFile; fileRef = 649D68F61F91AF2800818BDE /* HidingNavigationBar.framework */; };
		649D68F91F91AF2800818BDE /* SWXMLHash.framework in Frameworks */ = {isa = PBXBuildFile; fileRef = 649D68F71F91AF2800818BDE /* SWXMLHash.framework */; };
		64DB25A61EE423220048DD96 /* Fabric.framework in Frameworks */ = {isa = PBXBuildFile; fileRef = 64DB25A41EE423220048DD96 /* Fabric.framework */; };
		64DB25A71EE423220048DD96 /* Crashlytics.framework in Frameworks */ = {isa = PBXBuildFile; fileRef = 64DB25A51EE423220048DD96 /* Crashlytics.framework */; };
		64DB25B21EE4596B0048DD96 /* Endpoints.swift in Sources */ = {isa = PBXBuildFile; fileRef = 64DB25B11EE4596B0048DD96 /* Endpoints.swift */; };
/* End PBXBuildFile section */

/* Begin PBXContainerItemProxy section */
		645D63AF1EE41E9D00044EA3 /* PBXContainerItemProxy */ = {
			isa = PBXContainerItemProxy;
			containerPortal = 645D63921EE41E9D00044EA3 /* Project object */;
			proxyType = 1;
			remoteGlobalIDString = 645D63991EE41E9D00044EA3;
			remoteInfo = BorderPoliceNews;
		};
		645D63BA1EE41E9D00044EA3 /* PBXContainerItemProxy */ = {
			isa = PBXContainerItemProxy;
			containerPortal = 645D63921EE41E9D00044EA3 /* Project object */;
			proxyType = 1;
			remoteGlobalIDString = 645D63991EE41E9D00044EA3;
			remoteInfo = BorderPoliceNews;
		};
/* End PBXContainerItemProxy section */

/* Begin PBXCopyFilesBuildPhase section */
		6451F18C1F91B366004F8821 /* Embed Frameworks */ = {
			isa = PBXCopyFilesBuildPhase;
			buildActionMask = 2147483647;
			dstPath = "";
			dstSubfolderSpec = 10;
			files = (
				6451F18B1F91B366004F8821 /* Alamofire.framework in Embed Frameworks */,
				6451F18F1F91B386004F8821 /* Result.framework in Embed Frameworks */,
			);
			name = "Embed Frameworks";
			runOnlyForDeploymentPostprocessing = 0;
		};
/* End PBXCopyFilesBuildPhase section */

/* Begin PBXFileReference section */
		640B292F1F91B24800197DAD /* Result.framework */ = {isa = PBXFileReference; lastKnownFileType = wrapper.framework; name = Result.framework; path = Carthage/Build/iOS/Result.framework; sourceTree = "<group>"; };
		6451F1891F91B366004F8821 /* Alamofire.framework */ = {isa = PBXFileReference; lastKnownFileType = wrapper.framework; name = Alamofire.framework; path = Carthage/Build/iOS/Alamofire.framework; sourceTree = "<group>"; };
		6451F18D1F91B386004F8821 /* Result.framework */ = {isa = PBXFileReference; lastKnownFileType = wrapper.framework; name = Result.framework; path = Carthage/Build/iOS/Result.framework; sourceTree = "<group>"; };
		645D639A1EE41E9D00044EA3 /* BorderPoliceNews.app */ = {isa = PBXFileReference; explicitFileType = wrapper.application; includeInIndex = 0; path = BorderPoliceNews.app; sourceTree = BUILT_PRODUCTS_DIR; };
		645D639D1EE41E9D00044EA3 /* AppDelegate.swift */ = {isa = PBXFileReference; lastKnownFileType = sourcecode.swift; path = AppDelegate.swift; sourceTree = "<group>"; };
		645D639F1EE41E9D00044EA3 /* ViewController.swift */ = {isa = PBXFileReference; lastKnownFileType = sourcecode.swift; path = ViewController.swift; sourceTree = "<group>"; };
		645D63A21EE41E9D00044EA3 /* Base */ = {isa = PBXFileReference; lastKnownFileType = file.storyboard; name = Base; path = Base.lproj/Main.storyboard; sourceTree = "<group>"; };
		645D63A41EE41E9D00044EA3 /* Assets.xcassets */ = {isa = PBXFileReference; lastKnownFileType = folder.assetcatalog; path = Assets.xcassets; sourceTree = "<group>"; };
		645D63A71EE41E9D00044EA3 /* Base */ = {isa = PBXFileReference; lastKnownFileType = file.storyboard; name = Base; path = Base.lproj/LaunchScreen.storyboard; sourceTree = "<group>"; };
		645D63A91EE41E9D00044EA3 /* Info.plist */ = {isa = PBXFileReference; lastKnownFileType = text.plist.xml; path = Info.plist; sourceTree = "<group>"; };
		645D63AE1EE41E9D00044EA3 /* BorderPoliceNewsTests.xctest */ = {isa = PBXFileReference; explicitFileType = wrapper.cfbundle; includeInIndex = 0; path = BorderPoliceNewsTests.xctest; sourceTree = BUILT_PRODUCTS_DIR; };
		645D63B21EE41E9D00044EA3 /* BorderPoliceNewsTests.swift */ = {isa = PBXFileReference; lastKnownFileType = sourcecode.swift; path = BorderPoliceNewsTests.swift; sourceTree = "<group>"; };
		645D63B41EE41E9D00044EA3 /* Info.plist */ = {isa = PBXFileReference; lastKnownFileType = text.plist.xml; path = Info.plist; sourceTree = "<group>"; };
		645D63B91EE41E9D00044EA3 /* BorderPoliceNewsUITests.xctest */ = {isa = PBXFileReference; explicitFileType = wrapper.cfbundle; includeInIndex = 0; path = BorderPoliceNewsUITests.xctest; sourceTree = BUILT_PRODUCTS_DIR; };
		645D63BD1EE41E9D00044EA3 /* BorderPoliceNewsUITests.swift */ = {isa = PBXFileReference; lastKnownFileType = sourcecode.swift; path = BorderPoliceNewsUITests.swift; sourceTree = "<group>"; };
		645D63BF1EE41E9D00044EA3 /* Info.plist */ = {isa = PBXFileReference; lastKnownFileType = text.plist.xml; path = Info.plist; sourceTree = "<group>"; };
		649D68F61F91AF2800818BDE /* HidingNavigationBar.framework */ = {isa = PBXFileReference; lastKnownFileType = wrapper.framework; name = HidingNavigationBar.framework; path = Carthage/Build/iOS/HidingNavigationBar.framework; sourceTree = "<group>"; };
		649D68F71F91AF2800818BDE /* SWXMLHash.framework */ = {isa = PBXFileReference; lastKnownFileType = wrapper.framework; name = SWXMLHash.framework; path = Carthage/Build/iOS/SWXMLHash.framework; sourceTree = "<group>"; };
		64DB25A41EE423220048DD96 /* Fabric.framework */ = {isa = PBXFileReference; lastKnownFileType = wrapper.framework; path = Fabric.framework; sourceTree = SOURCE_ROOT; };
		64DB25A51EE423220048DD96 /* Crashlytics.framework */ = {isa = PBXFileReference; lastKnownFileType = wrapper.framework; path = Crashlytics.framework; sourceTree = SOURCE_ROOT; };
		64DB25A81EE456040048DD96 /* Moya.framework */ = {isa = PBXFileReference; lastKnownFileType = wrapper.framework; name = Moya.framework; path = Carthage/Build/iOS/Moya.framework; sourceTree = SOURCE_ROOT; };
		64DB25AC1EE456130048DD96 /* JTAppleCalendar.framework */ = {isa = PBXFileReference; lastKnownFileType = wrapper.framework; name = JTAppleCalendar.framework; path = Carthage/Build/iOS/JTAppleCalendar.framework; sourceTree = SOURCE_ROOT; };
		64DB25B11EE4596B0048DD96 /* Endpoints.swift */ = {isa = PBXFileReference; fileEncoding = 4; lastKnownFileType = sourcecode.swift; path = Endpoints.swift; sourceTree = "<group>"; };
/* End PBXFileReference section */

/* Begin PBXFrameworksBuildPhase section */
		645D63971EE41E9D00044EA3 /* Frameworks */ = {
			isa = PBXFrameworksBuildPhase;
			buildActionMask = 2147483647;
			files = (
				649D68F81F91AF2800818BDE /* HidingNavigationBar.framework in Frameworks */,
				649D68F91F91AF2800818BDE /* SWXMLHash.framework in Frameworks */,
				649D68F41F91AF2700818BDE /* JTAppleCalendar.framework in Frameworks */,
				6451F18E1F91B386004F8821 /* Result.framework in Frameworks */,
				649D68F51F91AF2700818BDE /* Moya.framework in Frameworks */,
				6451F18A1F91B366004F8821 /* Alamofire.framework in Frameworks */,
				64DB25A71EE423220048DD96 /* Crashlytics.framework in Frameworks */,
				64DB25A61EE423220048DD96 /* Fabric.framework in Frameworks */,
			);
			runOnlyForDeploymentPostprocessing = 0;
		};
		645D63AB1EE41E9D00044EA3 /* Frameworks */ = {
			isa = PBXFrameworksBuildPhase;
			buildActionMask = 2147483647;
			files = (
			);
			runOnlyForDeploymentPostprocessing = 0;
		};
		645D63B61EE41E9D00044EA3 /* Frameworks */ = {
			isa = PBXFrameworksBuildPhase;
			buildActionMask = 2147483647;
			files = (
			);
			runOnlyForDeploymentPostprocessing = 0;
		};
/* End PBXFrameworksBuildPhase section */

/* Begin PBXGroup section */
		645D63911EE41E9D00044EA3 = {
			isa = PBXGroup;
			children = (
				6451F18D1F91B386004F8821 /* Result.framework */,
				6451F1891F91B366004F8821 /* Alamofire.framework */,
				645D639C1EE41E9D00044EA3 /* BorderPoliceNews */,
				645D63B11EE41E9D00044EA3 /* BorderPoliceNewsTests */,
				645D63BC1EE41E9D00044EA3 /* BorderPoliceNewsUITests */,
				645D639B1EE41E9D00044EA3 /* Products */,
				640B292F1F91B24800197DAD /* Result.framework */,
				649D68F31F91AF2700818BDE /* Frameworks */,
			);
			sourceTree = "<group>";
		};
		645D639B1EE41E9D00044EA3 /* Products */ = {
			isa = PBXGroup;
			children = (
				645D639A1EE41E9D00044EA3 /* BorderPoliceNews.app */,
				645D63AE1EE41E9D00044EA3 /* BorderPoliceNewsTests.xctest */,
				645D63B91EE41E9D00044EA3 /* BorderPoliceNewsUITests.xctest */,
			);
			name = Products;
			sourceTree = "<group>";
		};
		645D639C1EE41E9D00044EA3 /* BorderPoliceNews */ = {
			isa = PBXGroup;
			children = (
				64DB25B01EE4594F0048DD96 /* Network */,
				645D639D1EE41E9D00044EA3 /* AppDelegate.swift */,
				645D639F1EE41E9D00044EA3 /* ViewController.swift */,
				645D63A11EE41E9D00044EA3 /* Main.storyboard */,
				645D63A41EE41E9D00044EA3 /* Assets.xcassets */,
				645D63A61EE41E9D00044EA3 /* LaunchScreen.storyboard */,
				645D63A91EE41E9D00044EA3 /* Info.plist */,
				64AAD72C1EE42017004DAC09 /* Frameworks */,
			);
			path = BorderPoliceNews;
			sourceTree = "<group>";
		};
		645D63B11EE41E9D00044EA3 /* BorderPoliceNewsTests */ = {
			isa = PBXGroup;
			children = (
				645D63B21EE41E9D00044EA3 /* BorderPoliceNewsTests.swift */,
				645D63B41EE41E9D00044EA3 /* Info.plist */,
			);
			path = BorderPoliceNewsTests;
			sourceTree = "<group>";
		};
		645D63BC1EE41E9D00044EA3 /* BorderPoliceNewsUITests */ = {
			isa = PBXGroup;
			children = (
				645D63BD1EE41E9D00044EA3 /* BorderPoliceNewsUITests.swift */,
				645D63BF1EE41E9D00044EA3 /* Info.plist */,
			);
			path = BorderPoliceNewsUITests;
			sourceTree = "<group>";
		};
		649D68F31F91AF2700818BDE /* Frameworks */ = {
			isa = PBXGroup;
			children = (
				649D68F61F91AF2800818BDE /* HidingNavigationBar.framework */,
				649D68F71F91AF2800818BDE /* SWXMLHash.framework */,
			);
			name = Frameworks;
			sourceTree = "<group>";
		};
		64AAD72C1EE42017004DAC09 /* Frameworks */ = {
			isa = PBXGroup;
			children = (
				64DB25AC1EE456130048DD96 /* JTAppleCalendar.framework */,
				64DB25A81EE456040048DD96 /* Moya.framework */,
				64DB25A41EE423220048DD96 /* Fabric.framework */,
				64DB25A51EE423220048DD96 /* Crashlytics.framework */,
			);
			name = Frameworks;
			sourceTree = "<group>";
		};
		64DB25B01EE4594F0048DD96 /* Network */ = {
			isa = PBXGroup;
			children = (
				64DB25B11EE4596B0048DD96 /* Endpoints.swift */,
			);
			name = Network;
			sourceTree = "<group>";
		};
/* End PBXGroup section */

/* Begin PBXNativeTarget section */
		645D63991EE41E9D00044EA3 /* BorderPoliceNews */ = {
			isa = PBXNativeTarget;
			buildConfigurationList = 645D63C21EE41E9D00044EA3 /* Build configuration list for PBXNativeTarget "BorderPoliceNews" */;
			buildPhases = (
				645D63961EE41E9D00044EA3 /* Sources */,
				645D63971EE41E9D00044EA3 /* Frameworks */,
				645D63981EE41E9D00044EA3 /* Resources */,
				64DB25A31EE422B10048DD96 /* ShellScript */,
				649D68FA1F91AF4600818BDE /* ShellScript */,
				6451F18C1F91B366004F8821 /* Embed Frameworks */,
			);
			buildRules = (
			);
			dependencies = (
			);
			name = BorderPoliceNews;
			productName = BorderPoliceNews;
			productReference = 645D639A1EE41E9D00044EA3 /* BorderPoliceNews.app */;
			productType = "com.apple.product-type.application";
		};
		645D63AD1EE41E9D00044EA3 /* BorderPoliceNewsTests */ = {
			isa = PBXNativeTarget;
			buildConfigurationList = 645D63C51EE41E9D00044EA3 /* Build configuration list for PBXNativeTarget "BorderPoliceNewsTests" */;
			buildPhases = (
				645D63AA1EE41E9D00044EA3 /* Sources */,
				645D63AB1EE41E9D00044EA3 /* Frameworks */,
				645D63AC1EE41E9D00044EA3 /* Resources */,
			);
			buildRules = (
			);
			dependencies = (
				645D63B01EE41E9D00044EA3 /* PBXTargetDependency */,
			);
			name = BorderPoliceNewsTests;
			productName = BorderPoliceNewsTests;
			productReference = 645D63AE1EE41E9D00044EA3 /* BorderPoliceNewsTests.xctest */;
			productType = "com.apple.product-type.bundle.unit-test";
		};
		645D63B81EE41E9D00044EA3 /* BorderPoliceNewsUITests */ = {
			isa = PBXNativeTarget;
			buildConfigurationList = 645D63C81EE41E9D00044EA3 /* Build configuration list for PBXNativeTarget "BorderPoliceNewsUITests" */;
			buildPhases = (
				645D63B51EE41E9D00044EA3 /* Sources */,
				645D63B61EE41E9D00044EA3 /* Frameworks */,
				645D63B71EE41E9D00044EA3 /* Resources */,
			);
			buildRules = (
			);
			dependencies = (
				645D63BB1EE41E9D00044EA3 /* PBXTargetDependency */,
			);
			name = BorderPoliceNewsUITests;
			productName = BorderPoliceNewsUITests;
			productReference = 645D63B91EE41E9D00044EA3 /* BorderPoliceNewsUITests.xctest */;
			productType = "com.apple.product-type.bundle.ui-testing";
		};
/* End PBXNativeTarget section */

/* Begin PBXProject section */
		645D63921EE41E9D00044EA3 /* Project object */ = {
			isa = PBXProject;
			attributes = {
				LastSwiftUpdateCheck = 0830;
				LastUpgradeCheck = 0830;
				ORGANIZATIONNAME = "杜艺卓";
				TargetAttributes = {
					645D63991EE41E9D00044EA3 = {
						CreatedOnToolsVersion = 8.3.2;
						DevelopmentTeam = 98GGXKMU33;
						ProvisioningStyle = Automatic;
					};
					645D63AD1EE41E9D00044EA3 = {
						CreatedOnToolsVersion = 8.3.2;
						DevelopmentTeam = 98GGXKMU33;
						ProvisioningStyle = Automatic;
						TestTargetID = 645D63991EE41E9D00044EA3;
					};
					645D63B81EE41E9D00044EA3 = {
						CreatedOnToolsVersion = 8.3.2;
						DevelopmentTeam = 98GGXKMU33;
						ProvisioningStyle = Automatic;
						TestTargetID = 645D63991EE41E9D00044EA3;
					};
				};
			};
			buildConfigurationList = 645D63951EE41E9D00044EA3 /* Build configuration list for PBXProject "BorderPoliceNews" */;
			compatibilityVersion = "Xcode 3.2";
			developmentRegion = English;
			hasScannedForEncodings = 0;
			knownRegions = (
				en,
				Base,
			);
			mainGroup = 645D63911EE41E9D00044EA3;
			productRefGroup = 645D639B1EE41E9D00044EA3 /* Products */;
			projectDirPath = "";
			projectRoot = "";
			targets = (
				645D63991EE41E9D00044EA3 /* BorderPoliceNews */,
				645D63AD1EE41E9D00044EA3 /* BorderPoliceNewsTests */,
				645D63B81EE41E9D00044EA3 /* BorderPoliceNewsUITests */,
			);
		};
/* End PBXProject section */

/* Begin PBXResourcesBuildPhase section */
		645D63981EE41E9D00044EA3 /* Resources */ = {
			isa = PBXResourcesBuildPhase;
			buildActionMask = 2147483647;
			files = (
				645D63A81EE41E9D00044EA3 /* LaunchScreen.storyboard in Resources */,
				645D63A51EE41E9D00044EA3 /* Assets.xcassets in Resources */,
				645D63A31EE41E9D00044EA3 /* Main.storyboard in Resources */,
			);
			runOnlyForDeploymentPostprocessing = 0;
		};
		645D63AC1EE41E9D00044EA3 /* Resources */ = {
			isa = PBXResourcesBuildPhase;
			buildActionMask = 2147483647;
			files = (
			);
			runOnlyForDeploymentPostprocessing = 0;
		};
		645D63B71EE41E9D00044EA3 /* Resources */ = {
			isa = PBXResourcesBuildPhase;
			buildActionMask = 2147483647;
			files = (
			);
			runOnlyForDeploymentPostprocessing = 0;
		};
/* End PBXResourcesBuildPhase section */

/* Begin PBXShellScriptBuildPhase section */
		649D68FA1F91AF4600818BDE /* ShellScript */ = {
			isa = PBXShellScriptBuildPhase;
			buildActionMask = 2147483647;
			files = (
			);
			inputPaths = (
				"$(SRCROOT)/Carthage/Build/iOS/Moya.framework",
				"$(SRCROOT)/Carthage/Build/iOS/JTAppleCalendar.framework",
				"$(SRCROOT)/Carthage/Build/iOS/SWXMLHash.framework",
				"$(SRCROOT)/Carthage/Build/iOS/HidingNavigationBar.framework",
			);
			outputPaths = (
				"$(BUILT_PRODUCTS_DIR)/$(FRAMEWORKS_FOLDER_PATH)/Moya.framework",
				"$(BUILT_PRODUCTS_DIR)/$(FRAMEWORKS_FOLDER_PATH)/JTAppleCalendar.framework",
				"$(BUILT_PRODUCTS_DIR)/$(FRAMEWORKS_FOLDER_PATH)/SWXMLHash.framework",
				"$(BUILT_PRODUCTS_DIR)/$(FRAMEWORKS_FOLDER_PATH)/HidingNavigationBar.framework",
			);
			runOnlyForDeploymentPostprocessing = 0;
			shellPath = /bin/sh;
			shellScript = "/usr/local/bin/carthage copy-frameworks";
		};
		64DB25A31EE422B10048DD96 /* ShellScript */ = {
			isa = PBXShellScriptBuildPhase;
			buildActionMask = 2147483647;
			files = (
			);
			inputPaths = (
			);
			outputPaths = (
			);
			runOnlyForDeploymentPostprocessing = 0;
			shellPath = /bin/sh;
			shellScript = "./Fabric.framework/run d06c859beab2baed03b39c5405885c68dfdd15d1 6ced5018ee79105907eb2a04ef49a2e4683f01dc2b60fc0f4857a9b72b13977b";
		};
/* End PBXShellScriptBuildPhase section */

/* Begin PBXSourcesBuildPhase section */
		645D63961EE41E9D00044EA3 /* Sources */ = {
			isa = PBXSourcesBuildPhase;
			buildActionMask = 2147483647;
			files = (
				645D63A01EE41E9D00044EA3 /* ViewController.swift in Sources */,
				64DB25B21EE4596B0048DD96 /* Endpoints.swift in Sources */,
				645D639E1EE41E9D00044EA3 /* AppDelegate.swift in Sources */,
			);
			runOnlyForDeploymentPostprocessing = 0;
		};
		645D63AA1EE41E9D00044EA3 /* Sources */ = {
			isa = PBXSourcesBuildPhase;
			buildActionMask = 2147483647;
			files = (
				645D63B31EE41E9D00044EA3 /* BorderPoliceNewsTests.swift in Sources */,
			);
			runOnlyForDeploymentPostprocessing = 0;
		};
		645D63B51EE41E9D00044EA3 /* Sources */ = {
			isa = PBXSourcesBuildPhase;
			buildActionMask = 2147483647;
			files = (
				645D63BE1EE41E9D00044EA3 /* BorderPoliceNewsUITests.swift in Sources */,
			);
			runOnlyForDeploymentPostprocessing = 0;
		};
/* End PBXSourcesBuildPhase section */

/* Begin PBXTargetDependency section */
		645D63B01EE41E9D00044EA3 /* PBXTargetDependency */ = {
			isa = PBXTargetDependency;
			target = 645D63991EE41E9D00044EA3 /* BorderPoliceNews */;
			targetProxy = 645D63AF1EE41E9D00044EA3 /* PBXContainerItemProxy */;
		};
		645D63BB1EE41E9D00044EA3 /* PBXTargetDependency */ = {
			isa = PBXTargetDependency;
			target = 645D63991EE41E9D00044EA3 /* BorderPoliceNews */;
			targetProxy = 645D63BA1EE41E9D00044EA3 /* PBXContainerItemProxy */;
		};
/* End PBXTargetDependency section */

/* Begin PBXVariantGroup section */
		645D63A11EE41E9D00044EA3 /* Main.storyboard */ = {
			isa = PBXVariantGroup;
			children = (
				645D63A21EE41E9D00044EA3 /* Base */,
			);
			name = Main.storyboard;
			sourceTree = "<group>";
		};
		645D63A61EE41E9D00044EA3 /* LaunchScreen.storyboard */ = {
			isa = PBXVariantGroup;
			children = (
				645D63A71EE41E9D00044EA3 /* Base */,
			);
			name = LaunchScreen.storyboard;
			sourceTree = "<group>";
		};
/* End PBXVariantGroup section */

/* Begin XCBuildConfiguration section */
		645D63C01EE41E9D00044EA3 /* Debug */ = {
			isa = XCBuildConfiguration;
			buildSettings = {
				ALWAYS_SEARCH_USER_PATHS = NO;
				CLANG_ANALYZER_NONNULL = YES;
				CLANG_ANALYZER_NUMBER_OBJECT_CONVERSION = YES_AGGRESSIVE;
				CLANG_CXX_LANGUAGE_STANDARD = "gnu++0x";
				CLANG_CXX_LIBRARY = "libc++";
				CLANG_ENABLE_MODULES = YES;
				CLANG_ENABLE_OBJC_ARC = YES;
				CLANG_WARN_BOOL_CONVERSION = YES;
				CLANG_WARN_CONSTANT_CONVERSION = YES;
				CLANG_WARN_DIRECT_OBJC_ISA_USAGE = YES_ERROR;
				CLANG_WARN_DOCUMENTATION_COMMENTS = YES;
				CLANG_WARN_EMPTY_BODY = YES;
				CLANG_WARN_ENUM_CONVERSION = YES;
				CLANG_WARN_INFINITE_RECURSION = YES;
				CLANG_WARN_INT_CONVERSION = YES;
				CLANG_WARN_OBJC_ROOT_CLASS = YES_ERROR;
				CLANG_WARN_SUSPICIOUS_MOVE = YES;
				CLANG_WARN_UNREACHABLE_CODE = YES;
				CLANG_WARN__DUPLICATE_METHOD_MATCH = YES;
				"CODE_SIGN_IDENTITY[sdk=iphoneos*]" = "iPhone Developer";
				COPY_PHASE_STRIP = NO;
				DEBUG_INFORMATION_FORMAT = dwarf;
				ENABLE_STRICT_OBJC_MSGSEND = YES;
				ENABLE_TESTABILITY = YES;
				GCC_C_LANGUAGE_STANDARD = gnu99;
				GCC_DYNAMIC_NO_PIC = NO;
				GCC_NO_COMMON_BLOCKS = YES;
				GCC_OPTIMIZATION_LEVEL = 0;
				GCC_PREPROCESSOR_DEFINITIONS = (
					"DEBUG=1",
					"$(inherited)",
				);
				GCC_WARN_64_TO_32_BIT_CONVERSION = YES;
				GCC_WARN_ABOUT_RETURN_TYPE = YES_ERROR;
				GCC_WARN_UNDECLARED_SELECTOR = YES;
				GCC_WARN_UNINITIALIZED_AUTOS = YES_AGGRESSIVE;
				GCC_WARN_UNUSED_FUNCTION = YES;
				GCC_WARN_UNUSED_VARIABLE = YES;
				IPHONEOS_DEPLOYMENT_TARGET = 10.3;
				MTL_ENABLE_DEBUG_INFO = YES;
				ONLY_ACTIVE_ARCH = YES;
				SDKROOT = iphoneos;
				SWIFT_ACTIVE_COMPILATION_CONDITIONS = DEBUG;
				SWIFT_OPTIMIZATION_LEVEL = "-Onone";
			};
			name = Debug;
		};
		645D63C11EE41E9D00044EA3 /* Release */ = {
			isa = XCBuildConfiguration;
			buildSettings = {
				ALWAYS_SEARCH_USER_PATHS = NO;
				CLANG_ANALYZER_NONNULL = YES;
				CLANG_ANALYZER_NUMBER_OBJECT_CONVERSION = YES_AGGRESSIVE;
				CLANG_CXX_LANGUAGE_STANDARD = "gnu++0x";
				CLANG_CXX_LIBRARY = "libc++";
				CLANG_ENABLE_MODULES = YES;
				CLANG_ENABLE_OBJC_ARC = YES;
				CLANG_WARN_BOOL_CONVERSION = YES;
				CLANG_WARN_CONSTANT_CONVERSION = YES;
				CLANG_WARN_DIRECT_OBJC_ISA_USAGE = YES_ERROR;
				CLANG_WARN_DOCUMENTATION_COMMENTS = YES;
				CLANG_WARN_EMPTY_BODY = YES;
				CLANG_WARN_ENUM_CONVERSION = YES;
				CLANG_WARN_INFINITE_RECURSION = YES;
				CLANG_WARN_INT_CONVERSION = YES;
				CLANG_WARN_OBJC_ROOT_CLASS = YES_ERROR;
				CLANG_WARN_SUSPICIOUS_MOVE = YES;
				CLANG_WARN_UNREACHABLE_CODE = YES;
				CLANG_WARN__DUPLICATE_METHOD_MATCH = YES;
				"CODE_SIGN_IDENTITY[sdk=iphoneos*]" = "iPhone Developer";
				COPY_PHASE_STRIP = NO;
				DEBUG_INFORMATION_FORMAT = "dwarf-with-dsym";
				ENABLE_NS_ASSERTIONS = NO;
				ENABLE_STRICT_OBJC_MSGSEND = YES;
				GCC_C_LANGUAGE_STANDARD = gnu99;
				GCC_NO_COMMON_BLOCKS = YES;
				GCC_WARN_64_TO_32_BIT_CONVERSION = YES;
				GCC_WARN_ABOUT_RETURN_TYPE = YES_ERROR;
				GCC_WARN_UNDECLARED_SELECTOR = YES;
				GCC_WARN_UNINITIALIZED_AUTOS = YES_AGGRESSIVE;
				GCC_WARN_UNUSED_FUNCTION = YES;
				GCC_WARN_UNUSED_VARIABLE = YES;
				IPHONEOS_DEPLOYMENT_TARGET = 10.3;
				MTL_ENABLE_DEBUG_INFO = NO;
				SDKROOT = iphoneos;
				SWIFT_OPTIMIZATION_LEVEL = "-Owholemodule";
				VALIDATE_PRODUCT = YES;
			};
			name = Release;
		};
		645D63C31EE41E9D00044EA3 /* Debug */ = {
			isa = XCBuildConfiguration;
			buildSettings = {
				ASSETCATALOG_COMPILER_APPICON_NAME = AppIcon;
				DEVELOPMENT_TEAM = 98GGXKMU33;
				FRAMEWORK_SEARCH_PATHS = (
					"$(inherited)",
					"$(PROJECT_DIR)/BorderPoliceNews",
					"$(PROJECT_DIR)",
					"$(PROJECT_DIR)/Carthage/Build/iOS",
				);
				INFOPLIST_FILE = BorderPoliceNews/Info.plist;
				IPHONEOS_DEPLOYMENT_TARGET = 11.0;
				LD_RUNPATH_SEARCH_PATHS = "$(inherited) @executable_path/Frameworks";
				PRODUCT_BUNDLE_IDENTIFIER = com.dyz.BorderPoliceNews;
				PRODUCT_NAME = "$(TARGET_NAME)";
				SWIFT_VERSION = 3.0;
				TARGETED_DEVICE_FAMILY = 1;
			};
			name = Debug;
		};
		645D63C41EE41E9D00044EA3 /* Release */ = {
			isa = XCBuildConfiguration;
			buildSettings = {
				ASSETCATALOG_COMPILER_APPICON_NAME = AppIcon;
				DEVELOPMENT_TEAM = 98GGXKMU33;
				FRAMEWORK_SEARCH_PATHS = (
					"$(inherited)",
					"$(PROJECT_DIR)/BorderPoliceNews",
					"$(PROJECT_DIR)",
					"$(PROJECT_DIR)/Carthage/Build/iOS",
				);
				INFOPLIST_FILE = BorderPoliceNews/Info.plist;
				IPHONEOS_DEPLOYMENT_TARGET = 11.0;
				LD_RUNPATH_SEARCH_PATHS = "$(inherited) @executable_path/Frameworks";
				PRODUCT_BUNDLE_IDENTIFIER = com.dyz.BorderPoliceNews;
				PRODUCT_NAME = "$(TARGET_NAME)";
				SWIFT_VERSION = 3.0;
				TARGETED_DEVICE_FAMILY = 1;
			};
			name = Release;
		};
		645D63C61EE41E9D00044EA3 /* Debug */ = {
			isa = XCBuildConfiguration;
			buildSettings = {
				ALWAYS_EMBED_SWIFT_STANDARD_LIBRARIES = YES;
				BUNDLE_LOADER = "$(TEST_HOST)";
				DEVELOPMENT_TEAM = 98GGXKMU33;
				INFOPLIST_FILE = BorderPoliceNewsTests/Info.plist;
				LD_RUNPATH_SEARCH_PATHS = "$(inherited) @executable_path/Frameworks @loader_path/Frameworks";
				PRODUCT_BUNDLE_IDENTIFIER = com.dyz.BorderPoliceNewsTests;
				PRODUCT_NAME = "$(TARGET_NAME)";
				SWIFT_VERSION = 3.0;
				TEST_HOST = "$(BUILT_PRODUCTS_DIR)/BorderPoliceNews.app/BorderPoliceNews";
			};
			name = Debug;
		};
		645D63C71EE41E9D00044EA3 /* Release */ = {
			isa = XCBuildConfiguration;
			buildSettings = {
				ALWAYS_EMBED_SWIFT_STANDARD_LIBRARIES = YES;
				BUNDLE_LOADER = "$(TEST_HOST)";
				DEVELOPMENT_TEAM = 98GGXKMU33;
				INFOPLIST_FILE = BorderPoliceNewsTests/Info.plist;
				LD_RUNPATH_SEARCH_PATHS = "$(inherited) @executable_path/Frameworks @loader_path/Frameworks";
				PRODUCT_BUNDLE_IDENTIFIER = com.dyz.BorderPoliceNewsTests;
				PRODUCT_NAME = "$(TARGET_NAME)";
				SWIFT_VERSION = 3.0;
				TEST_HOST = "$(BUILT_PRODUCTS_DIR)/BorderPoliceNews.app/BorderPoliceNews";
			};
			name = Release;
		};
		645D63C91EE41E9D00044EA3 /* Debug */ = {
			isa = XCBuildConfiguration;
			buildSettings = {
				ALWAYS_EMBED_SWIFT_STANDARD_LIBRARIES = YES;
				DEVELOPMENT_TEAM = 98GGXKMU33;
				INFOPLIST_FILE = BorderPoliceNewsUITests/Info.plist;
				LD_RUNPATH_SEARCH_PATHS = "$(inherited) @executable_path/Frameworks @loader_path/Frameworks";
				PRODUCT_BUNDLE_IDENTIFIER = com.dyz.BorderPoliceNewsUITests;
				PRODUCT_NAME = "$(TARGET_NAME)";
				SWIFT_VERSION = 3.0;
				TEST_TARGET_NAME = BorderPoliceNews;
			};
			name = Debug;
		};
		645D63CA1EE41E9D00044EA3 /* Release */ = {
			isa = XCBuildConfiguration;
			buildSettings = {
				ALWAYS_EMBED_SWIFT_STANDARD_LIBRARIES = YES;
				DEVELOPMENT_TEAM = 98GGXKMU33;
				INFOPLIST_FILE = BorderPoliceNewsUITests/Info.plist;
				LD_RUNPATH_SEARCH_PATHS = "$(inherited) @executable_path/Frameworks @loader_path/Frameworks";
				PRODUCT_BUNDLE_IDENTIFIER = com.dyz.BorderPoliceNewsUITests;
				PRODUCT_NAME = "$(TARGET_NAME)";
				SWIFT_VERSION = 3.0;
				TEST_TARGET_NAME = BorderPoliceNews;
			};
			name = Release;
		};
/* End XCBuildConfiguration section */

/* Begin XCConfigurationList section */
		645D63951EE41E9D00044EA3 /* Build configuration list for PBXProject "BorderPoliceNews" */ = {
			isa = XCConfigurationList;
			buildConfigurations = (
				645D63C01EE41E9D00044EA3 /* Debug */,
				645D63C11EE41E9D00044EA3 /* Release */,
			);
			defaultConfigurationIsVisible = 0;
			defaultConfigurationName = Release;
		};
		645D63C21EE41E9D00044EA3 /* Build configuration list for PBXNativeTarget "BorderPoliceNews" */ = {
			isa = XCConfigurationList;
			buildConfigurations = (
				645D63C31EE41E9D00044EA3 /* Debug */,
				645D63C41EE41E9D00044EA3 /* Release */,
			);
			defaultConfigurationIsVisible = 0;
			defaultConfigurationName = Release;
		};
		645D63C51EE41E9D00044EA3 /* Build configuration list for PBXNativeTarget "BorderPoliceNewsTests" */ = {
			isa = XCConfigurationList;
			buildConfigurations = (
				645D63C61EE41E9D00044EA3 /* Debug */,
				645D63C71EE41E9D00044EA3 /* Release */,
			);
			defaultConfigurationIsVisible = 0;
			defaultConfigurationName = Release;
		};
		645D63C81EE41E9D00044EA3 /* Build configuration list for PBXNativeTarget "BorderPoliceNewsUITests" */ = {
			isa = XCConfigurationList;
			buildConfigurations = (
				645D63C91EE41E9D00044EA3 /* Debug */,
				645D63CA1EE41E9D00044EA3 /* Release */,
			);
			defaultConfigurationIsVisible = 0;
			defaultConfigurationName = Release;
		};
/* End XCConfigurationList section */
	};
	rootObject = 645D63921EE41E9D00044EA3 /* Project object */;
}
